// !$*UTF8*$!
{
	archiveVersion = 1;
	classes = {
	};
	objectVersion = 55;
	objects = {

/* Begin PBXBuildFile section */
		8C435AEC297D12AC00AAF270 /* AppDelegate.swift in Sources */ = {isa = PBXBuildFile; fileRef = 8C435AEB297D12AC00AAF270 /* AppDelegate.swift */; };
		8C435AEE297D12AC00AAF270 /* SceneDelegate.swift in Sources */ = {isa = PBXBuildFile; fileRef = 8C435AED297D12AC00AAF270 /* SceneDelegate.swift */; };
		8C435AF0297D12AC00AAF270 /* AddAndEdit.swift in Sources */ = {isa = PBXBuildFile; fileRef = 8C435AEF297D12AC00AAF270 /* AddAndEdit.swift */; };
		8C435AF3297D12AC00AAF270 /* Main.storyboard in Resources */ = {isa = PBXBuildFile; fileRef = 8C435AF1297D12AC00AAF270 /* Main.storyboard */; };
		8C435AF8297D12B200AAF270 /* Assets.xcassets in Resources */ = {isa = PBXBuildFile; fileRef = 8C435AF7297D12B200AAF270 /* Assets.xcassets */; };
		8C435AFB297D12B200AAF270 /* LaunchScreen.storyboard in Resources */ = {isa = PBXBuildFile; fileRef = 8C435AF9297D12B200AAF270 /* LaunchScreen.storyboard */; };
		8C435B03297D174700AAF270 /* ListOfArtist.swift in Sources */ = {isa = PBXBuildFile; fileRef = 8C435B02297D174700AAF270 /* ListOfArtist.swift */; };
		8C435B13297D31A900AAF270 /* Model.xcdatamodeld in Sources */ = {isa = PBXBuildFile; fileRef = 8C435B11297D31A900AAF270 /* Model.xcdatamodeld */; };
		8C99AB2D2991054800937396 /* FetchedResaltDelegat.swift in Sources */ = {isa = PBXBuildFile; fileRef = 8C99AB2C2991054800937396 /* FetchedResaltDelegat.swift */; };
/* End PBXBuildFile section */

/* Begin PBXFileReference section */
		8C435AE8297D12AC00AAF270 /* M20.app */ = {isa = PBXFileReference; explicitFileType = wrapper.application; includeInIndex = 0; path = M20.app; sourceTree = BUILT_PRODUCTS_DIR; };
		8C435AEB297D12AC00AAF270 /* AppDelegate.swift */ = {isa = PBXFileReference; lastKnownFileType = sourcecode.swift; path = AppDelegate.swift; sourceTree = "<group>"; };
		8C435AED297D12AC00AAF270 /* SceneDelegate.swift */ = {isa = PBXFileReference; lastKnownFileType = sourcecode.swift; path = SceneDelegate.swift; sourceTree = "<group>"; };
		8C435AEF297D12AC00AAF270 /* AddAndEdit.swift */ = {isa = PBXFileReference; lastKnownFileType = sourcecode.swift; path = AddAndEdit.swift; sourceTree = "<group>"; };
		8C435AF2297D12AC00AAF270 /* Base */ = {isa = PBXFileReference; lastKnownFileType = file.storyboard; name = Base; path = Base.lproj/Main.storyboard; sourceTree = "<group>"; };
		8C435AF7297D12B200AAF270 /* Assets.xcassets */ = {isa = PBXFileReference; lastKnownFileType = folder.assetcatalog; path = Assets.xcassets; sourceTree = "<group>"; };
		8C435AFA297D12B200AAF270 /* Base */ = {isa = PBXFileReference; lastKnownFileType = file.storyboard; name = Base; path = Base.lproj/LaunchScreen.storyboard; sourceTree = "<group>"; };
		8C435AFC297D12B200AAF270 /* Info.plist */ = {isa = PBXFileReference; lastKnownFileType = text.plist.xml; path = Info.plist; sourceTree = "<group>"; };
		8C435B02297D174700AAF270 /* ListOfArtist.swift */ = {isa = PBXFileReference; lastKnownFileType = sourcecode.swift; path = ListOfArtist.swift; sourceTree = "<group>"; };
		8C435B12297D31A900AAF270 /* Model.xcdatamodel */ = {isa = PBXFileReference; lastKnownFileType = wrapper.xcdatamodel; path = Model.xcdatamodel; sourceTree = "<group>"; };
		8C435B14297D325B00AAF270 /* Artist+CoreDataClass.swift */ = {isa = PBXFileReference; lastKnownFileType = sourcecode.swift; path = "Artist+CoreDataClass.swift"; sourceTree = SOURCE_ROOT; };
		8C435B15297D325B00AAF270 /* Artist+CoreDataProperties.swift */ = {isa = PBXFileReference; lastKnownFileType = sourcecode.swift; path = "Artist+CoreDataProperties.swift"; sourceTree = SOURCE_ROOT; };
		8C99AB2C2991054800937396 /* FetchedResaltDelegat.swift */ = {isa = PBXFileReference; lastKnownFileType = sourcecode.swift; path = FetchedResaltDelegat.swift; sourceTree = "<group>"; };
/* End PBXFileReference section */

/* Begin PBXFrameworksBuildPhase section */
		8C435AE5297D12AC00AAF270 /* Frameworks */ = {
			isa = PBXFrameworksBuildPhase;
			buildActionMask = 2147483647;
			files = (
			);
			runOnlyForDeploymentPostprocessing = 0;
		};
/* End PBXFrameworksBuildPhase section */

/* Begin PBXGroup section */
		8C435ADF297D12AC00AAF270 = {
			isa = PBXGroup;
			children = (
				8C435AEA297D12AC00AAF270 /* M20 */,
				8C435AE9297D12AC00AAF270 /* Products */,
			);
			sourceTree = "<group>";
		};
		8C435AE9297D12AC00AAF270 /* Products */ = {
			isa = PBXGroup;
			children = (
				8C435AE8297D12AC00AAF270 /* M20.app */,
			);
			name = Products;
			sourceTree = "<group>";
		};
		8C435AEA297D12AC00AAF270 /* M20 */ = {
			isa = PBXGroup;
			children = (
				8C435B10297D318C00AAF270 /* Model */,
				8C435AEB297D12AC00AAF270 /* AppDelegate.swift */,
				8C435AED297D12AC00AAF270 /* SceneDelegate.swift */,
				8C435B02297D174700AAF270 /* ListOfArtist.swift */,
				8C435AEF297D12AC00AAF270 /* AddAndEdit.swift */,
				8C99AB2C2991054800937396 /* FetchedResaltDelegat.swift */,
				8C435AF1297D12AC00AAF270 /* Main.storyboard */,
				8C435AF7297D12B200AAF270 /* Assets.xcassets */,
				8C435AF9297D12B200AAF270 /* LaunchScreen.storyboard */,
				8C435AFC297D12B200AAF270 /* Info.plist */,
			);
			path = M20;
			sourceTree = "<group>";
		};
		8C435B10297D318C00AAF270 /* Model */ = {
			isa = PBXGroup;
			children = (
				8C435B15297D325B00AAF270 /* Artist+CoreDataProperties.swift */,
				8C435B14297D325B00AAF270 /* Artist+CoreDataClass.swift */,
				8C435B11297D31A900AAF270 /* Model.xcdatamodeld */,
			);
			path = Model;
			sourceTree = "<group>";
		};
/* End PBXGroup section */

/* Begin PBXNativeTarget section */
		8C435AE7297D12AC00AAF270 /* M20 */ = {
			isa = PBXNativeTarget;
			buildConfigurationList = 8C435AFF297D12B200AAF270 /* Build configuration list for PBXNativeTarget "M20" */;
			buildPhases = (
				8C435AE4297D12AC00AAF270 /* Sources */,
				8C435AE5297D12AC00AAF270 /* Frameworks */,
				8C435AE6297D12AC00AAF270 /* Resources */,
			);
			buildRules = (
			);
			dependencies = (
			);
			name = M20;
			productName = M20;
			productReference = 8C435AE8297D12AC00AAF270 /* M20.app */;
			productType = "com.apple.product-type.application";
		};
/* End PBXNativeTarget section */

/* Begin PBXProject section */
		8C435AE0297D12AC00AAF270 /* Project object */ = {
			isa = PBXProject;
			attributes = {
				BuildIndependentTargetsInParallel = 1;
				LastSwiftUpdateCheck = 1340;
				LastUpgradeCheck = 1340;
				TargetAttributes = {
					8C435AE7297D12AC00AAF270 = {
						CreatedOnToolsVersion = 13.4.1;
					};
				};
			};
			buildConfigurationList = 8C435AE3297D12AC00AAF270 /* Build configuration list for PBXProject "M20" */;
			compatibilityVersion = "Xcode 13.0";
			developmentRegion = en;
			hasScannedForEncodings = 0;
			knownRegions = (
				en,
				Base,
			);
			mainGroup = 8C435ADF297D12AC00AAF270;
			productRefGroup = 8C435AE9297D12AC00AAF270 /* Products */;
			projectDirPath = "";
			projectRoot = "";
			targets = (
				8C435AE7297D12AC00AAF270 /* M20 */,
			);
		};
/* End PBXProject section */

/* Begin PBXResourcesBuildPhase section */
		8C435AE6297D12AC00AAF270 /* Resources */ = {
			isa = PBXResourcesBuildPhase;
			buildActionMask = 2147483647;
			files = (
				8C435AFB297D12B200AAF270 /* LaunchScreen.storyboard in Resources */,
				8C435AF8297D12B200AAF270 /* Assets.xcassets in Resources */,
				8C435AF3297D12AC00AAF270 /* Main.storyboard in Resources */,
			);
			runOnlyForDeploymentPostprocessing = 0;
		};
/* End PBXResourcesBuildPhase section */

/* Begin PBXSourcesBuildPhase section */
		8C435AE4297D12AC00AAF270 /* Sources */ = {
			isa = PBXSourcesBuildPhase;
			buildActionMask = 2147483647;
			files = (
				8C435AF0297D12AC00AAF270 /* AddAndEdit.swift in Sources */,
				8C435AEC297D12AC00AAF270 /* AppDelegate.swift in Sources */,
				8C435B13297D31A900AAF270 /* Model.xcdatamodeld in Sources */,
				8C99AB2D2991054800937396 /* FetchedResaltDelegat.swift in Sources */,
				8C435AEE297D12AC00AAF270 /* SceneDelegate.swift in Sources */,
				8C435B03297D174700AAF270 /* ListOfArtist.swift in Sources */,
			);
			runOnlyForDeploymentPostprocessing = 0;
		};
/* End PBXSourcesBuildPhase section */

/* Begin PBXVariantGroup section */
		8C435AF1297D12AC00AAF270 /* Main.storyboard */ = {
			isa = PBXVariantGroup;
			children = (
				8C435AF2297D12AC00AAF270 /* Base */,
			);
			name = Main.storyboard;
			sourceTree = "<group>";
		};
		8C435AF9297D12B200AAF270 /* LaunchScreen.storyboard */ = {
			isa = PBXVariantGroup;
			children = (
				8C435AFA297D12B200AAF270 /* Base */,
			);
			name = LaunchScreen.storyboard;
			sourceTree = "<group>";
		};
/* End PBXVariantGroup section */

/* Begin XCBuildConfiguration section */
		8C435AFD297D12B200AAF270 /* Debug */ = {
			isa = XCBuildConfiguration;
			buildSettings = {
				ALWAYS_SEARCH_USER_PATHS = NO;
				CLANG_ANALYZER_NONNULL = YES;
				CLANG_ANALYZER_NUMBER_OBJECT_CONVERSION = YES_AGGRESSIVE;
				CLANG_CXX_LANGUAGE_STANDARD = "gnu++17";
				CLANG_ENABLE_MODULES = YES;
				CLANG_ENABLE_OBJC_ARC = YES;
				CLANG_ENABLE_OBJC_WEAK = YES;
				CLANG_WARN_BLOCK_CAPTURE_AUTORELEASING = YES;
				CLANG_WARN_BOOL_CONVERSION = YES;
				CLANG_WARN_COMMA = YES;
				CLANG_WARN_CONSTANT_CONVERSION = YES;
				CLANG_WARN_DEPRECATED_OBJC_IMPLEMENTATIONS = YES;
				CLANG_WARN_DIRECT_OBJC_ISA_USAGE = YES_ERROR;
				CLANG_WARN_DOCUMENTATION_COMMENTS = YES;
				CLANG_WARN_EMPTY_BODY = YES;
				CLANG_WARN_ENUM_CONVERSION = YES;
				CLANG_WARN_INFINITE_RECURSION = YES;
				CLANG_WARN_INT_CONVERSION = YES;
				CLANG_WARN_NON_LITERAL_NULL_CONVERSION = YES;
				CLANG_WARN_OBJC_IMPLICIT_RETAIN_SELF = YES;
				CLANG_WARN_OBJC_LITERAL_CONVERSION = YES;
				CLANG_WARN_OBJC_ROOT_CLASS = YES_ERROR;
				CLANG_WARN_QUOTED_INCLUDE_IN_FRAMEWORK_HEADER = YES;
				CLANG_WARN_RANGE_LOOP_ANALYSIS = YES;
				CLANG_WARN_STRICT_PROTOTYPES = YES;
				CLANG_WARN_SUSPICIOUS_MOVE = YES;
				CLANG_WARN_UNGUARDED_AVAILABILITY = YES_AGGRESSIVE;
				CLANG_WARN_UNREACHABLE_CODE = YES;
				CLANG_WARN__DUPLICATE_METHOD_MATCH = YES;
				COPY_PHASE_STRIP = NO;
				DEBUG_INFORMATION_FORMAT = dwarf;
				ENABLE_STRICT_OBJC_MSGSEND = YES;
				ENABLE_TESTABILITY = YES;
				GCC_C_LANGUAGE_STANDARD = gnu11;
				GCC_DYNAMIC_NO_PIC = NO;
				GCC_NO_COMMON_BLOCKS = YES;
				GCC_OPTIMIZATION_LEVEL = 0;
				GCC_PREPROCESSOR_DEFINITIONS = (
					"DEBUG=1",
					"$(inherited)",
				);
				GCC_WARN_64_TO_32_BIT_CONVERSION = YES;
				GCC_WARN_ABOUT_RETURN_TYPE = YES_ERROR;
				GCC_WARN_UNDECLARED_SELECTOR = YES;
				GCC_WARN_UNINITIALIZED_AUTOS = YES_AGGRESSIVE;
				GCC_WARN_UNUSED_FUNCTION = YES;
				GCC_WARN_UNUSED_VARIABLE = YES;
				IPHONEOS_DEPLOYMENT_TARGET = 15.5;
				MTL_ENABLE_DEBUG_INFO = INCLUDE_SOURCE;
				MTL_FAST_MATH = YES;
				ONLY_ACTIVE_ARCH = YES;
				SDKROOT = iphoneos;
				SWIFT_ACTIVE_COMPILATION_CONDITIONS = DEBUG;
				SWIFT_OPTIMIZATION_LEVEL = "-Onone";
			};
			name = Debug;
		};
		8C435AFE297D12B200AAF270 /* Release */ = {
			isa = XCBuildConfiguration;
			buildSettings = {
				ALWAYS_SEARCH_USER_PATHS = NO;
				CLANG_ANALYZER_NONNULL = YES;
				CLANG_ANALYZER_NUMBER_OBJECT_CONVERSION = YES_AGGRESSIVE;
				CLANG_CXX_LANGUAGE_STANDARD = "gnu++17";
				CLANG_ENABLE_MODULES = YES;
				CLANG_ENABLE_OBJC_ARC = YES;
				CLANG_ENABLE_OBJC_WEAK = YES;
				CLANG_WARN_BLOCK_CAPTURE_AUTORELEASING = YES;
				CLANG_WARN_BOOL_CONVERSION = YES;
				CLANG_WARN_COMMA = YES;
				CLANG_WARN_CONSTANT_CONVERSION = YES;
				CLANG_WARN_DEPRECATED_OBJC_IMPLEMENTATIONS = YES;
				CLANG_WARN_DIRECT_OBJC_ISA_USAGE = YES_ERROR;
				CLANG_WARN_DOCUMENTATION_COMMENTS = YES;
				CLANG_WARN_EMPTY_BODY = YES;
				CLANG_WARN_ENUM_CONVERSION = YES;
				CLANG_WARN_INFINITE_RECURSION = YES;
				CLANG_WARN_INT_CONVERSION = YES;
				CLANG_WARN_NON_LITERAL_NULL_CONVERSION = YES;
				CLANG_WARN_OBJC_IMPLICIT_RETAIN_SELF = YES;
				CLANG_WARN_OBJC_LITERAL_CONVERSION = YES;
				CLANG_WARN_OBJC_ROOT_CLASS = YES_ERROR;
				CLANG_WARN_QUOTED_INCLUDE_IN_FRAMEWORK_HEADER = YES;
				CLANG_WARN_RANGE_LOOP_ANALYSIS = YES;
				CLANG_WARN_STRICT_PROTOTYPES = YES;
				CLANG_WARN_SUSPICIOUS_MOVE = YES;
				CLANG_WARN_UNGUARDED_AVAILABILITY = YES_AGGRESSIVE;
				CLANG_WARN_UNREACHABLE_CODE = YES;
				CLANG_WARN__DUPLICATE_METHOD_MATCH = YES;
				COPY_PHASE_STRIP = NO;
				DEBUG_INFORMATION_FORMAT = "dwarf-with-dsym";
				ENABLE_NS_ASSERTIONS = NO;
				ENABLE_STRICT_OBJC_MSGSEND = YES;
				GCC_C_LANGUAGE_STANDARD = gnu11;
				GCC_NO_COMMON_BLOCKS = YES;
				GCC_WARN_64_TO_32_BIT_CONVERSION = YES;
				GCC_WARN_ABOUT_RETURN_TYPE = YES_ERROR;
				GCC_WARN_UNDECLARED_SELECTOR = YES;
				GCC_WARN_UNINITIALIZED_AUTOS = YES_AGGRESSIVE;
				GCC_WARN_UNUSED_FUNCTION = YES;
				GCC_WARN_UNUSED_VARIABLE = YES;
				IPHONEOS_DEPLOYMENT_TARGET = 15.5;
				MTL_ENABLE_DEBUG_INFO = NO;
				MTL_FAST_MATH = YES;
				SDKROOT = iphoneos;
				SWIFT_COMPILATION_MODE = wholemodule;
				SWIFT_OPTIMIZATION_LEVEL = "-O";
				VALIDATE_PRODUCT = YES;
			};
			name = Release;
		};
		8C435B00297D12B200AAF270 /* Debug */ = {
			isa = XCBuildConfiguration;
			buildSettings = {
				ASSETCATALOG_COMPILER_APPICON_NAME = AppIcon;
				ASSETCATALOG_COMPILER_GLOBAL_ACCENT_COLOR_NAME = AccentColor;
				CODE_SIGN_STYLE = Automatic;
				CURRENT_PROJECT_VERSION = 1;
				GENERATE_INFOPLIST_FILE = YES;
				INFOPLIST_FILE = M20/Info.plist;
				INFOPLIST_KEY_UIApplicationSupportsIndirectInputEvents = YES;
				INFOPLIST_KEY_UILaunchStoryboardName = LaunchScreen;
				INFOPLIST_KEY_UIMainStoryboardFile = Main;
				INFOPLIST_KEY_UISupportedInterfaceOrientations_iPad = "UIInterfaceOrientationPortrait UIInterfaceOrientationPortraitUpsideDown UIInterfaceOrientationLandscapeLeft UIInterfaceOrientationLandscapeRight";
				INFOPLIST_KEY_UISupportedInterfaceOrientations_iPhone = "UIInterfaceOrientationPortrait UIInterfaceOrientationLandscapeLeft UIInterfaceOrientationLandscapeRight";
				LD_RUNPATH_SEARCH_PATHS = (
					"$(inherited)",
					"@executable_path/Frameworks",
				);
				MARKETING_VERSION = 1.0;
				PRODUCT_BUNDLE_IDENTIFIER = skillbox.M20;
				PRODUCT_NAME = "$(TARGET_NAME)";
				SWIFT_EMIT_LOC_STRINGS = YES;
				SWIFT_VERSION = 5.0;
				TARGETED_DEVICE_FAMILY = "1,2";
			};
			name = Debug;
		};
		8C435B01297D12B200AAF270 /* Release */ = {
			isa = XCBuildConfiguration;
			buildSettings = {
				ASSETCATALOG_COMPILER_APPICON_NAME = AppIcon;
				ASSETCATALOG_COMPILER_GLOBAL_ACCENT_COLOR_NAME = AccentColor;
				CODE_SIGN_STYLE = Automatic;
				CURRENT_PROJECT_VERSION = 1;
				GENERATE_INFOPLIST_FILE = YES;
				INFOPLIST_FILE = M20/Info.plist;
				INFOPLIST_KEY_UIApplicationSupportsIndirectInputEvents = YES;
				INFOPLIST_KEY_UILaunchStoryboardName = LaunchScreen;
				INFOPLIST_KEY_UIMainStoryboardFile = Main;
				INFOPLIST_KEY_UISupportedInterfaceOrientations_iPad = "UIInterfaceOrientationPortrait UIInterfaceOrientationPortraitUpsideDown UIInterfaceOrientationLandscapeLeft UIInterfaceOrientationLandscapeRight";
				INFOPLIST_KEY_UISupportedInterfaceOrientations_iPhone = "UIInterfaceOrientationPortrait UIInterfaceOrientationLandscapeLeft UIInterfaceOrientationLandscapeRight";
				LD_RUNPATH_SEARCH_PATHS = (
					"$(inherited)",
					"@executable_path/Frameworks",
				);
				MARKETING_VERSION = 1.0;
				PRODUCT_BUNDLE_IDENTIFIER = skillbox.M20;
				PRODUCT_NAME = "$(TARGET_NAME)";
				SWIFT_EMIT_LOC_STRINGS = YES;
				SWIFT_VERSION = 5.0;
				TARGETED_DEVICE_FAMILY = "1,2";
			};
			name = Release;
		};
/* End XCBuildConfiguration section */

/* Begin XCConfigurationList section */
		8C435AE3297D12AC00AAF270 /* Build configuration list for PBXProject "M20" */ = {
			isa = XCConfigurationList;
			buildConfigurations = (
				8C435AFD297D12B200AAF270 /* Debug */,
				8C435AFE297D12B200AAF270 /* Release */,
			);
			defaultConfigurationIsVisible = 0;
			defaultConfigurationName = Release;
		};
		8C435AFF297D12B200AAF270 /* Build configuration list for PBXNativeTarget "M20" */ = {
			isa = XCConfigurationList;
			buildConfigurations = (
				8C435B00297D12B200AAF270 /* Debug */,
				8C435B01297D12B200AAF270 /* Release */,
			);
			defaultConfigurationIsVisible = 0;
			defaultConfigurationName = Release;
		};
/* End XCConfigurationList section */

/* Begin XCVersionGroup section */
		8C435B11297D31A900AAF270 /* Model.xcdatamodeld */ = {
			isa = XCVersionGroup;
			children = (
				8C435B12297D31A900AAF270 /* Model.xcdatamodel */,
			);
			currentVersion = 8C435B12297D31A900AAF270 /* Model.xcdatamodel */;
			path = Model.xcdatamodeld;
			sourceTree = "<group>";
			versionGroupType = wrapper.xcdatamodel;
		};
/* End XCVersionGroup section */
	};
	rootObject = 8C435AE0297D12AC00AAF270 /* Project object */;
}
